{
  "requires": true,
  "lockfileVersion": 1,
  "dependencies": {
    "fp-ts": {
      "version": "2.11.5",
      "resolved": "https://registry.npmjs.org/fp-ts/-/fp-ts-2.11.5.tgz",
      "integrity": "sha512-OqlwJq1BdpB83BZXTqI+dNcA6uYk6qk4u9Cgnt64Y+XS7dwdbp/mobx8S2KXf2AXH+scNmA/UVK3SEFHR3vHZA==",
      "dev": true
    }
  }
}
